
Microsoft Visual Studio Solution File, Format Version 12.00
# Visual Studio Version 18
VisualStudioVersion = 18.7.11925.98 stable
MinimumVisualStudioVersion = 10.0.40219.1
Project("{2150E333-8FDC-42A3-9474-1A3956D46DE8}") = "apps", "apps", "{1787FE1D-075E-9E68-7218-25F1BD1BBEAB}"
EndProject
Project("{2150E333-8FDC-42A3-9474-1A3956D46DE8}") = "api", "api", "{BC2D172B-13BC-136C-CDB1-4B1A687208C4}"
EndProject
Project("{FAE04EC0-301F-11D3-BF4B-00C04F79EFBC}") = "MonolithTemplate.Api", "apps\api\MonolithTemplate.Api\MonolithTemplate.Api.csproj", "{ED89DD69-85E2-60AF-8505-DA6BE7D3152B}"
EndProject
Project("{FAE04EC0-301F-11D3-BF4B-00C04F79EFBC}") = "MonolithTemplate.Shared", "apps\api\MonolithTemplate.Shared\MonolithTemplate.Shared.csproj", "{826104FB-CF74-A5E1-E478-46E01C19E51F}"
EndProject
Project("{2150E333-8FDC-42A3-9474-1A3956D46DE8}") = "Modules", "Modules", "{69C5300A-C839-18F1-ADC2-C6EA45988331}"
EndProject
Project("{2150E333-8FDC-42A3-9474-1A3956D46DE8}") = "Identity", "Identity", "{D1590D33-90D0-6366-6F1F-F80E0A308417}"
EndProject
Project("{FAE04EC0-301F-11D3-BF4B-00C04F79EFBC}") = "MonolithTemplate.Identity.Api", "apps\api\Modules\Identity\MonolithTemplate.Identity.Api\MonolithTemplate.Identity.Api.csproj", "{AF7F54B7-3A81-DEBB-DE97-E129AACDF568}"
EndProject
Project("{FAE04EC0-301F-11D3-BF4B-00C04F79EFBC}") = "MonolithTemplate.Identity.Application", "apps\api\Modules\Identity\MonolithTemplate.Identity.Application\MonolithTemplate.Identity.Application.csproj", "{49BE2451-D26B-A39C-8BB2-7E8C6E0685D0}"
EndProject
Project("{FAE04EC0-301F-11D3-BF4B-00C04F79EFBC}") = "MonolithTemplate.Identity.Domain", "apps\api\Modules\Identity\MonolithTemplate.Identity.Domain\MonolithTemplate.Identity.Domain.csproj", "{F04192F8-77F8-D4C0-B202-DFC9BC48C9C2}"
EndProject
Project("{FAE04EC0-301F-11D3-BF4B-00C04F79EFBC}") = "MonolithTemplate.Identity.Infrastructure", "apps\api\Modules\Identity\MonolithTemplate.Identity.Infrastructure\MonolithTemplate.Identity.Infrastructure.csproj", "{FD4F83BD-5480-5F32-4B66-222A5BC8B799}"
EndProject
Project("{FAE04EC0-301F-11D3-BF4B-00C04F79EFBC}") = "MonolithTemplate.Identity.Contracts", "apps\api\Modules\Identity\MonolithTemplate.Identity.Contracts\MonolithTemplate.Identity.Contracts.csproj", "{ED9D5BAF-BC08-46DB-B1B5-97E66AD0A6E4}"
EndProject
Project("{2150E333-8FDC-42A3-9474-1A3956D46DE8}") = "Notifications", "Notifications", "{2BFF1A26-D8E1-DCD8-9A09-FA218207C595}"
EndProject
Project("{FAE04EC0-301F-11D3-BF4B-00C04F79EFBC}") = "MonolithTemplate.Notifications.Application", "apps\api\Modules\Notifications\MonolithTemplate.Notifications.Application\MonolithTemplate.Notifications.Application.csproj", "{0915080A-F747-4F37-A228-A8980F8CE228}"
EndProject
Project("{FAE04EC0-301F-11D3-BF4B-00C04F79EFBC}") = "MonolithTemplate.Notifications.Infrastructure", "apps\api\Modules\Notifications\MonolithTemplate.Notifications.Infrastructure\MonolithTemplate.Notifications.Infrastructure.csproj", "{B571BC6B-D062-4798-A8EF-61E1726D1B0A}"
EndProject
Project("{FAE04EC0-301F-11D3-BF4B-00C04F79EFBC}") = "MonolithTemplate.Notifications.Domain", "apps\api\Modules\Notifications\MonolithTemplate.Notifications.Domain\MonolithTemplate.Notifications.Domain.csproj", "{C8365E02-B9F0-45B7-B019-AB4E76242022}"
EndProject
Project("{FAE04EC0-301F-11D3-BF4B-00C04F79EFBC}") = "MonolithTemplate.Identity.Api.Tests", "apps\api\Modules\Identity\MonolithTemplate.Identity.Api.Tests\MonolithTemplate.Identity.Api.Tests.csproj", "{73040983-E716-4F83-95B5-3D45A60D394C}"
EndProject
Project("{2150E333-8FDC-42A3-9474-1A3956D46DE8}") = "Tests", "Tests", "{C8751EFA-A2DF-A0F0-57FC-CB413B830246}"
EndProject
Project("{FAE04EC0-301F-11D3-BF4B-00C04F79EFBC}") = "MonolithTemplate.Shared.Tests", "apps\api\MonolithTemplate.Shared\Tests\MonolithTemplate.Shared.Tests.csproj", "{F6DA129C-16FB-4EDD-B042-FADC1F081BB5}"
EndProject
Global
	GlobalSection(SolutionConfigurationPlatforms) = preSolution
		Debug|Any CPU = Debug|Any CPU
		Debug|x64 = Debug|x64
		Debug|x86 = Debug|x86
		Release|Any CPU = Release|Any CPU
		Release|x64 = Release|x64
		Release|x86 = Release|x86
	EndGlobalSection
	GlobalSection(ProjectConfigurationPlatforms) = postSolution
		{ED89DD69-85E2-60AF-8505-DA6BE7D3152B}.Debug|Any CPU.ActiveCfg = Debug|Any CPU
		{ED89DD69-85E2-60AF-8505-DA6BE7D3152B}.Debug|Any CPU.Build.0 = Debug|Any CPU
		{ED89DD69-85E2-60AF-8505-DA6BE7D3152B}.Debug|x64.ActiveCfg = Debug|Any CPU
		{ED89DD69-85E2-60AF-8505-DA6BE7D3152B}.Debug|x64.Build.0 = Debug|Any CPU
		{ED89DD69-85E2-60AF-8505-DA6BE7D3152B}.Debug|x86.ActiveCfg = Debug|Any CPU
		{ED89DD69-85E2-60AF-8505-DA6BE7D3152B}.Debug|x86.Build.0 = Debug|Any CPU
		{ED89DD69-85E2-60AF-8505-DA6BE7D3152B}.Release|Any CPU.ActiveCfg = Release|Any CPU
		{ED89DD69-85E2-60AF-8505-DA6BE7D3152B}.Release|Any CPU.Build.0 = Release|Any CPU
		{ED89DD69-85E2-60AF-8505-DA6BE7D3152B}.Release|x64.ActiveCfg = Release|Any CPU
		{ED89DD69-85E2-60AF-8505-DA6BE7D3152B}.Release|x64.Build.0 = Release|Any CPU
		{ED89DD69-85E2-60AF-8505-DA6BE7D3152B}.Release|x86.ActiveCfg = Release|Any CPU
		{ED89DD69-85E2-60AF-8505-DA6BE7D3152B}.Release|x86.Build.0 = Release|Any CPU
		{826104FB-CF74-A5E1-E478-46E01C19E51F}.Debug|Any CPU.ActiveCfg = Debug|Any CPU
		{826104FB-CF74-A5E1-E478-46E01C19E51F}.Debug|Any CPU.Build.0 = Debug|Any CPU
		{826104FB-CF74-A5E1-E478-46E01C19E51F}.Debug|x64.ActiveCfg = Debug|Any CPU
		{826104FB-CF74-A5E1-E478-46E01C19E51F}.Debug|x64.Build.0 = Debug|Any CPU
		{826104FB-CF74-A5E1-E478-46E01C19E51F}.Debug|x86.ActiveCfg = Debug|Any CPU
		{826104FB-CF74-A5E1-E478-46E01C19E51F}.Debug|x86.Build.0 = Debug|Any CPU
		{826104FB-CF74-A5E1-E478-46E01C19E51F}.Release|Any CPU.ActiveCfg = Release|Any CPU
		{826104FB-CF74-A5E1-E478-46E01C19E51F}.Release|Any CPU.Build.0 = Release|Any CPU
		{826104FB-CF74-A5E1-E478-46E01C19E51F}.Release|x64.ActiveCfg = Release|Any CPU
		{826104FB-CF74-A5E1-E478-46E01C19E51F}.Release|x64.Build.0 = Release|Any CPU
		{826104FB-CF74-A5E1-E478-46E01C19E51F}.Release|x86.ActiveCfg = Release|Any CPU
		{826104FB-CF74-A5E1-E478-46E01C19E51F}.Release|x86.Build.0 = Release|Any CPU
		{AF7F54B7-3A81-DEBB-DE97-E129AACDF568}.Debug|Any CPU.ActiveCfg = Debug|Any CPU
		{AF7F54B7-3A81-DEBB-DE97-E129AACDF568}.Debug|Any CPU.Build.0 = Debug|Any CPU
		{AF7F54B7-3A81-DEBB-DE97-E129AACDF568}.Debug|x64.ActiveCfg = Debug|Any CPU
		{AF7F54B7-3A81-DEBB-DE97-E129AACDF568}.Debug|x64.Build.0 = Debug|Any CPU
		{AF7F54B7-3A81-DEBB-DE97-E129AACDF568}.Debug|x86.ActiveCfg = Debug|Any CPU
		{AF7F54B7-3A81-DEBB-DE97-E129AACDF568}.Debug|x86.Build.0 = Debug|Any CPU
		{AF7F54B7-3A81-DEBB-DE97-E129AACDF568}.Release|Any CPU.ActiveCfg = Release|Any CPU
		{AF7F54B7-3A81-DEBB-DE97-E129AACDF568}.Release|Any CPU.Build.0 = Release|Any CPU
		{AF7F54B7-3A81-DEBB-DE97-E129AACDF568}.Release|x64.ActiveCfg = Release|Any CPU
		{AF7F54B7-3A81-DEBB-DE97-E129AACDF568}.Release|x64.Build.0 = Release|Any CPU
		{AF7F54B7-3A81-DEBB-DE97-E129AACDF568}.Release|x86.ActiveCfg = Release|Any CPU
		{AF7F54B7-3A81-DEBB-DE97-E129AACDF568}.Release|x86.Build.0 = Release|Any CPU
		{49BE2451-D26B-A39C-8BB2-7E8C6E0685D0}.Debug|Any CPU.ActiveCfg = Debug|Any CPU
		{49BE2451-D26B-A39C-8BB2-7E8C6E0685D0}.Debug|Any CPU.Build.0 = Debug|Any CPU
		{49BE2451-D26B-A39C-8BB2-7E8C6E0685D0}.Debug|x64.ActiveCfg = Debug|Any CPU
		{49BE2451-D26B-A39C-8BB2-7E8C6E0685D0}.Debug|x64.Build.0 = Debug|Any CPU
		{49BE2451-D26B-A39C-8BB2-7E8C6E0685D0}.Debug|x86.ActiveCfg = Debug|Any CPU
		{49BE2451-D26B-A39C-8BB2-7E8C6E0685D0}.Debug|x86.Build.0 = Debug|Any CPU
		{49BE2451-D26B-A39C-8BB2-7E8C6E0685D0}.Release|Any CPU.ActiveCfg = Release|Any CPU
		{49BE2451-D26B-A39C-8BB2-7E8C6E0685D0}.Release|Any CPU.Build.0 = Release|Any CPU
		{49BE2451-D26B-A39C-8BB2-7E8C6E0685D0}.Release|x64.ActiveCfg = Release|Any CPU
		{49BE2451-D26B-A39C-8BB2-7E8C6E0685D0}.Release|x64.Build.0 = Release|Any CPU
		{49BE2451-D26B-A39C-8BB2-7E8C6E0685D0}.Release|x86.ActiveCfg = Release|Any CPU
		{49BE2451-D26B-A39C-8BB2-7E8C6E0685D0}.Release|x86.Build.0 = Release|Any CPU
		{F04192F8-77F8-D4C0-B202-DFC9BC48C9C2}.Debug|Any CPU.ActiveCfg = Debug|Any CPU
		{F04192F8-77F8-D4C0-B202-DFC9BC48C9C2}.Debug|Any CPU.Build.0 = Debug|Any CPU
		{F04192F8-77F8-D4C0-B202-DFC9BC48C9C2}.Debug|x64.ActiveCfg = Debug|Any CPU
		{F04192F8-77F8-D4C0-B202-DFC9BC48C9C2}.Debug|x64.Build.0 = Debug|Any CPU
		{F04192F8-77F8-D4C0-B202-DFC9BC48C9C2}.Debug|x86.ActiveCfg = Debug|Any CPU
		{F04192F8-77F8-D4C0-B202-DFC9BC48C9C2}.Debug|x86.Build.0 = Debug|Any CPU
		{F04192F8-77F8-D4C0-B202-DFC9BC48C9C2}.Release|Any CPU.ActiveCfg = Release|Any CPU
		{F04192F8-77F8-D4C0-B202-DFC9BC48C9C2}.Release|Any CPU.Build.0 = Release|Any CPU
		{F04192F8-77F8-D4C0-B202-DFC9BC48C9C2}.Release|x64.ActiveCfg = Release|Any CPU
		{F04192F8-77F8-D4C0-B202-DFC9BC48C9C2}.Release|x64.Build.0 = Release|Any CPU
		{F04192F8-77F8-D4C0-B202-DFC9BC48C9C2}.Release|x86.ActiveCfg = Release|Any CPU
		{F04192F8-77F8-D4C0-B202-DFC9BC48C9C2}.Release|x86.Build.0 = Release|Any CPU
		{FD4F83BD-5480-5F32-4B66-222A5BC8B799}.Debug|Any CPU.ActiveCfg = Debug|Any CPU
		{FD4F83BD-5480-5F32-4B66-222A5BC8B799}.Debug|Any CPU.Build.0 = Debug|Any CPU
		{FD4F83BD-5480-5F32-4B66-222A5BC8B799}.Debug|x64.ActiveCfg = Debug|Any CPU
		{FD4F83BD-5480-5F32-4B66-222A5BC8B799}.Debug|x64.Build.0 = Debug|Any CPU
		{FD4F83BD-5480-5F32-4B66-222A5BC8B799}.Debug|x86.ActiveCfg = Debug|Any CPU
		{FD4F83BD-5480-5F32-4B66-222A5BC8B799}.Debug|x86.Build.0 = Debug|Any CPU
		{FD4F83BD-5480-5F32-4B66-222A5BC8B799}.Release|Any CPU.ActiveCfg = Release|Any CPU
		{FD4F83BD-5480-5F32-4B66-222A5BC8B799}.Release|Any CPU.Build.0 = Release|Any CPU
		{FD4F83BD-5480-5F32-4B66-222A5BC8B799}.Release|x64.ActiveCfg = Release|Any CPU
		{FD4F83BD-5480-5F32-4B66-222A5BC8B799}.Release|x64.Build.0 = Release|Any CPU
		{FD4F83BD-5480-5F32-4B66-222A5BC8B799}.Release|x86.ActiveCfg = Release|Any CPU
		{FD4F83BD-5480-5F32-4B66-222A5BC8B799}.Release|x86.Build.0 = Release|Any CPU
		{ED9D5BAF-BC08-46DB-B1B5-97E66AD0A6E4}.Debug|Any CPU.ActiveCfg = Debug|Any CPU
		{ED9D5BAF-BC08-46DB-B1B5-97E66AD0A6E4}.Debug|Any CPU.Build.0 = Debug|Any CPU
		{ED9D5BAF-BC08-46DB-B1B5-97E66AD0A6E4}.Debug|x64.ActiveCfg = Debug|Any CPU
		{ED9D5BAF-BC08-46DB-B1B5-97E66AD0A6E4}.Debug|x64.Build.0 = Debug|Any CPU
		{ED9D5BAF-BC08-46DB-B1B5-97E66AD0A6E4}.Debug|x86.ActiveCfg = Debug|Any CPU
		{ED9D5BAF-BC08-46DB-B1B5-97E66AD0A6E4}.Debug|x86.Build.0 = Debug|Any CPU
		{ED9D5BAF-BC08-46DB-B1B5-97E66AD0A6E4}.Release|Any CPU.ActiveCfg = Release|Any CPU
		{ED9D5BAF-BC08-46DB-B1B5-97E66AD0A6E4}.Release|Any CPU.Build.0 = Release|Any CPU
		{ED9D5BAF-BC08-46DB-B1B5-97E66AD0A6E4}.Release|x64.ActiveCfg = Release|Any CPU
		{ED9D5BAF-BC08-46DB-B1B5-97E66AD0A6E4}.Release|x64.Build.0 = Release|Any CPU
		{ED9D5BAF-BC08-46DB-B1B5-97E66AD0A6E4}.Release|x86.ActiveCfg = Release|Any CPU
		{ED9D5BAF-BC08-46DB-B1B5-97E66AD0A6E4}.Release|x86.Build.0 = Release|Any CPU
		{0915080A-F747-4F37-A228-A8980F8CE228}.Debug|Any CPU.ActiveCfg = Debug|Any CPU
		{0915080A-F747-4F37-A228-A8980F8CE228}.Debug|Any CPU.Build.0 = Debug|Any CPU
		{0915080A-F747-4F37-A228-A8980F8CE228}.Debug|x64.ActiveCfg = Debug|Any CPU
		{0915080A-F747-4F37-A228-A8980F8CE228}.Debug|x64.Build.0 = Debug|Any CPU
		{0915080A-F747-4F37-A228-A8980F8CE228}.Debug|x86.ActiveCfg = Debug|Any CPU
		{0915080A-F747-4F37-A228-A8980F8CE228}.Debug|x86.Build.0 = Debug|Any CPU
		{0915080A-F747-4F37-A228-A8980F8CE228}.Release|Any CPU.ActiveCfg = Release|Any CPU
		{0915080A-F747-4F37-A228-A8980F8CE228}.Release|Any CPU.Build.0 = Release|Any CPU
		{0915080A-F747-4F37-A228-A8980F8CE228}.Release|x64.ActiveCfg = Release|Any CPU
		{0915080A-F747-4F37-A228-A8980F8CE228}.Release|x64.Build.0 = Release|Any CPU
		{0915080A-F747-4F37-A228-A8980F8CE228}.Release|x86.ActiveCfg = Release|Any CPU
		{0915080A-F747-4F37-A228-A8980F8CE228}.Release|x86.Build.0 = Release|Any CPU
		{B571BC6B-D062-4798-A8EF-61E1726D1B0A}.Debug|Any CPU.ActiveCfg = Debug|Any CPU
		{B571BC6B-D062-4798-A8EF-61E1726D1B0A}.Debug|Any CPU.Build.0 = Debug|Any CPU
		{B571BC6B-D062-4798-A8EF-61E1726D1B0A}.Debug|x64.ActiveCfg = Debug|Any CPU
		{B571BC6B-D062-4798-A8EF-61E1726D1B0A}.Debug|x64.Build.0 = Debug|Any CPU
		{B571BC6B-D062-4798-A8EF-61E1726D1B0A}.Debug|x86.ActiveCfg = Debug|Any CPU
		{B571BC6B-D062-4798-A8EF-61E1726D1B0A}.Debug|x86.Build.0 = Debug|Any CPU
		{B571BC6B-D062-4798-A8EF-61E1726D1B0A}.Release|Any CPU.ActiveCfg = Release|Any CPU
		{B571BC6B-D062-4798-A8EF-61E1726D1B0A}.Release|Any CPU.Build.0 = Release|Any CPU
		{B571BC6B-D062-4798-A8EF-61E1726D1B0A}.Release|x64.ActiveCfg = Release|Any CPU
		{B571BC6B-D062-4798-A8EF-61E1726D1B0A}.Release|x64.Build.0 = Release|Any CPU
		{B571BC6B-D062-4798-A8EF-61E1726D1B0A}.Release|x86.ActiveCfg = Release|Any CPU
		{B571BC6B-D062-4798-A8EF-61E1726D1B0A}.Release|x86.Build.0 = Release|Any CPU
		{C8365E02-B9F0-45B7-B019-AB4E76242022}.Debug|Any CPU.ActiveCfg = Debug|Any CPU
		{C8365E02-B9F0-45B7-B019-AB4E76242022}.Debug|Any CPU.Build.0 = Debug|Any CPU
		{C8365E02-B9F0-45B7-B019-AB4E76242022}.Debug|x64.ActiveCfg = Debug|Any CPU
		{C8365E02-B9F0-45B7-B019-AB4E76242022}.Debug|x64.Build.0 = Debug|Any CPU
		{C8365E02-B9F0-45B7-B019-AB4E76242022}.Debug|x86.ActiveCfg = Debug|Any CPU
		{C8365E02-B9F0-45B7-B019-AB4E76242022}.Debug|x86.Build.0 = Debug|Any CPU
		{C8365E02-B9F0-45B7-B019-AB4E76242022}.Release|Any CPU.ActiveCfg = Release|Any CPU
		{C8365E02-B9F0-45B7-B019-AB4E76242022}.Release|Any CPU.Build.0 = Release|Any CPU
		{C8365E02-B9F0-45B7-B019-AB4E76242022}.Release|x64.ActiveCfg = Release|Any CPU
		{C8365E02-B9F0-45B7-B019-AB4E76242022}.Release|x64.Build.0 = Release|Any CPU
		{C8365E02-B9F0-45B7-B019-AB4E76242022}.Release|x86.ActiveCfg = Release|Any CPU
		{C8365E02-B9F0-45B7-B019-AB4E76242022}.Release|x86.Build.0 = Release|Any CPU
		{73040983-E716-4F83-95B5-3D45A60D394C}.Debug|Any CPU.ActiveCfg = Debug|Any CPU
		{73040983-E716-4F83-95B5-3D45A60D394C}.Debug|Any CPU.Build.0 = Debug|Any CPU
		{73040983-E716-4F83-95B5-3D45A60D394C}.Debug|x64.ActiveCfg = Debug|Any CPU
		{73040983-E716-4F83-95B5-3D45A60D394C}.Debug|x64.Build.0 = Debug|Any CPU
		{73040983-E716-4F83-95B5-3D45A60D394C}.Debug|x86.ActiveCfg = Debug|Any CPU
		{73040983-E716-4F83-95B5-3D45A60D394C}.Debug|x86.Build.0 = Debug|Any CPU
		{73040983-E716-4F83-95B5-3D45A60D394C}.Release|Any CPU.ActiveCfg = Release|Any CPU
		{73040983-E716-4F83-95B5-3D45A60D394C}.Release|Any CPU.Build.0 = Release|Any CPU
		{73040983-E716-4F83-95B5-3D45A60D394C}.Release|x64.ActiveCfg = Release|Any CPU
		{73040983-E716-4F83-95B5-3D45A60D394C}.Release|x64.Build.0 = Release|Any CPU
		{73040983-E716-4F83-95B5-3D45A60D394C}.Release|x86.ActiveCfg = Release|Any CPU
		{73040983-E716-4F83-95B5-3D45A60D394C}.Release|x86.Build.0 = Release|Any CPU
		{F6DA129C-16FB-4EDD-B042-FADC1F081BB5}.Debug|Any CPU.ActiveCfg = Debug|Any CPU
		{F6DA129C-16FB-4EDD-B042-FADC1F081BB5}.Debug|Any CPU.Build.0 = Debug|Any CPU
		{F6DA129C-16FB-4EDD-B042-FADC1F081BB5}.Debug|x64.ActiveCfg = Debug|Any CPU
		{F6DA129C-16FB-4EDD-B042-FADC1F081BB5}.Debug|x64.Build.0 = Debug|Any CPU
		{F6DA129C-16FB-4EDD-B042-FADC1F081BB5}.Debug|x86.ActiveCfg = Debug|Any CPU
		{F6DA129C-16FB-4EDD-B042-FADC1F081BB5}.Debug|x86.Build.0 = Debug|Any CPU
		{F6DA129C-16FB-4EDD-B042-FADC1F081BB5}.Release|Any CPU.ActiveCfg = Release|Any CPU
		{F6DA129C-16FB-4EDD-B042-FADC1F081BB5}.Release|Any CPU.Build.0 = Release|Any CPU
		{F6DA129C-16FB-4EDD-B042-FADC1F081BB5}.Release|x64.ActiveCfg = Release|Any CPU
		{F6DA129C-16FB-4EDD-B042-FADC1F081BB5}.Release|x64.Build.0 = Release|Any CPU
		{F6DA129C-16FB-4EDD-B042-FADC1F081BB5}.Release|x86.ActiveCfg = Release|Any CPU
		{F6DA129C-16FB-4EDD-B042-FADC1F081BB5}.Release|x86.Build.0 = Release|Any CPU
	EndGlobalSection
	GlobalSection(SolutionProperties) = preSolution
		HideSolutionNode = FALSE
	EndGlobalSection
	GlobalSection(NestedProjects) = preSolution
		{BC2D172B-13BC-136C-CDB1-4B1A687208C4} = {1787FE1D-075E-9E68-7218-25F1BD1BBEAB}
		{ED89DD69-85E2-60AF-8505-DA6BE7D3152B} = {BC2D172B-13BC-136C-CDB1-4B1A687208C4}
		{826104FB-CF74-A5E1-E478-46E01C19E51F} = {BC2D172B-13BC-136C-CDB1-4B1A687208C4}
		{69C5300A-C839-18F1-ADC2-C6EA45988331} = {BC2D172B-13BC-136C-CDB1-4B1A687208C4}
		{D1590D33-90D0-6366-6F1F-F80E0A308417} = {69C5300A-C839-18F1-ADC2-C6EA45988331}
		{AF7F54B7-3A81-DEBB-DE97-E129AACDF568} = {D1590D33-90D0-6366-6F1F-F80E0A308417}
		{49BE2451-D26B-A39C-8BB2-7E8C6E0685D0} = {D1590D33-90D0-6366-6F1F-F80E0A308417}
		{F04192F8-77F8-D4C0-B202-DFC9BC48C9C2} = {D1590D33-90D0-6366-6F1F-F80E0A308417}
		{FD4F83BD-5480-5F32-4B66-222A5BC8B799} = {D1590D33-90D0-6366-6F1F-F80E0A308417}
		{ED9D5BAF-BC08-46DB-B1B5-97E66AD0A6E4} = {D1590D33-90D0-6366-6F1F-F80E0A308417}
		{2BFF1A26-D8E1-DCD8-9A09-FA218207C595} = {69C5300A-C839-18F1-ADC2-C6EA45988331}
		{0915080A-F747-4F37-A228-A8980F8CE228} = {2BFF1A26-D8E1-DCD8-9A09-FA218207C595}
		{B571BC6B-D062-4798-A8EF-61E1726D1B0A} = {2BFF1A26-D8E1-DCD8-9A09-FA218207C595}
		{C8365E02-B9F0-45B7-B019-AB4E76242022} = {2BFF1A26-D8E1-DCD8-9A09-FA218207C595}
		{73040983-E716-4F83-95B5-3D45A60D394C} = {D1590D33-90D0-6366-6F1F-F80E0A308417}
		{F6DA129C-16FB-4EDD-B042-FADC1F081BB5} = {C8751EFA-A2DF-A0F0-57FC-CB413B830246}
	EndGlobalSection
	GlobalSection(ExtensibilityGlobals) = postSolution
		SolutionGuid = {D02FFC9D-532B-46E6-BEF0-9102885294A5}
	EndGlobalSection
EndGlobal
